// !$*UTF8*$!
{
	archiveVersion = 1;
	classes = {
	};
	objectVersion = 56;
	objects = {

/* Begin PBXBuildFile section */
		424503D32AF098B70094E314 /* MemorizeSpring23App.swift in Sources */ = {isa = PBXBuildFile; fileRef = 424503D22AF098B70094E314 /* MemorizeSpring23App.swift */; };
		424503D52AF098B70094E314 /* EmojiMemoryGameView.swift in Sources */ = {isa = PBXBuildFile; fileRef = 424503D42AF098B70094E314 /* EmojiMemoryGameView.swift */; };
		424503D72AF098B80094E314 /* Assets.xcassets in Resources */ = {isa = PBXBuildFile; fileRef = 424503D62AF098B80094E314 /* Assets.xcassets */; };
		424503DA2AF098B80094E314 /* Preview Assets.xcassets in Resources */ = {isa = PBXBuildFile; fileRef = 424503D92AF098B80094E314 /* Preview Assets.xcassets */; };
		4252DFF12B00AD9000060524 /* Theme.swift in Sources */ = {isa = PBXBuildFile; fileRef = 4252DFF02B00AD9000060524 /* Theme.swift */; };
		4252DFF32B00AFD500060524 /* MemoryGame.swift in Sources */ = {isa = PBXBuildFile; fileRef = 4252DFF22B00AFD500060524 /* MemoryGame.swift */; };
		4252DFF62B00B36500060524 /* CardView.swift in Sources */ = {isa = PBXBuildFile; fileRef = 4252DFF52B00B36500060524 /* CardView.swift */; };
		4252DFF92B00B4B300060524 /* EmojiMemoryGame.swift in Sources */ = {isa = PBXBuildFile; fileRef = 4252DFF82B00B4B300060524 /* EmojiMemoryGame.swift */; };
		4252DFFB2B00CEAE00060524 /* CardStyle.swift in Sources */ = {isa = PBXBuildFile; fileRef = 4252DFFA2B00CEAE00060524 /* CardStyle.swift */; };
/* End PBXBuildFile section */

/* Begin PBXFileReference section */
		424503CF2AF098B70094E314 /* MemorizeSpring23.app */ = {isa = PBXFileReference; explicitFileType = wrapper.application; includeInIndex = 0; path = MemorizeSpring23.app; sourceTree = BUILT_PRODUCTS_DIR; };
		424503D22AF098B70094E314 /* MemorizeSpring23App.swift */ = {isa = PBXFileReference; lastKnownFileType = sourcecode.swift; path = MemorizeSpring23App.swift; sourceTree = "<group>"; };
		424503D42AF098B70094E314 /* EmojiMemoryGameView.swift */ = {isa = PBXFileReference; lastKnownFileType = sourcecode.swift; path = EmojiMemoryGameView.swift; sourceTree = "<group>"; };
		424503D62AF098B80094E314 /* Assets.xcassets */ = {isa = PBXFileReference; lastKnownFileType = folder.assetcatalog; path = Assets.xcassets; sourceTree = "<group>"; };
		424503D92AF098B80094E314 /* Preview Assets.xcassets */ = {isa = PBXFileReference; lastKnownFileType = folder.assetcatalog; path = "Preview Assets.xcassets"; sourceTree = "<group>"; };
		4252DFF02B00AD9000060524 /* Theme.swift */ = {isa = PBXFileReference; lastKnownFileType = sourcecode.swift; path = Theme.swift; sourceTree = "<group>"; };
		4252DFF22B00AFD500060524 /* MemoryGame.swift */ = {isa = PBXFileReference; lastKnownFileType = sourcecode.swift; path = MemoryGame.swift; sourceTree = "<group>"; };
		4252DFF52B00B36500060524 /* CardView.swift */ = {isa = PBXFileReference; lastKnownFileType = sourcecode.swift; path = CardView.swift; sourceTree = "<group>"; };
		4252DFF82B00B4B300060524 /* EmojiMemoryGame.swift */ = {isa = PBXFileReference; lastKnownFileType = sourcecode.swift; path = EmojiMemoryGame.swift; sourceTree = "<group>"; };
		4252DFFA2B00CEAE00060524 /* CardStyle.swift */ = {isa = PBXFileReference; lastKnownFileType = sourcecode.swift; path = CardStyle.swift; sourceTree = "<group>"; };
/* End PBXFileReference section */

/* Begin PBXFrameworksBuildPhase section */
		424503CC2AF098B70094E314 /* Frameworks */ = {
			isa = PBXFrameworksBuildPhase;
			buildActionMask = 2147483647;
			files = (
			);
			runOnlyForDeploymentPostprocessing = 0;
		};
/* End PBXFrameworksBuildPhase section */

/* Begin PBXGroup section */
		424503C62AF098B70094E314 = {
			isa = PBXGroup;
			children = (
				424503D12AF098B70094E314 /* MemorizeSpring23 */,
				424503D02AF098B70094E314 /* Products */,
			);
			sourceTree = "<group>";
		};
		424503D02AF098B70094E314 /* Products */ = {
			isa = PBXGroup;
			children = (
				424503CF2AF098B70094E314 /* MemorizeSpring23.app */,
			);
			name = Products;
			sourceTree = "<group>";
		};
		424503D12AF098B70094E314 /* MemorizeSpring23 */ = {
			isa = PBXGroup;
			children = (
				4252DFF72B00B49C00060524 /* ViewModel */,
				4252DFF42B00B35A00060524 /* Views */,
				4252DFEF2B00AD8300060524 /* Model */,
				424503D22AF098B70094E314 /* MemorizeSpring23App.swift */,
				424503D42AF098B70094E314 /* EmojiMemoryGameView.swift */,
				424503D62AF098B80094E314 /* Assets.xcassets */,
				424503D82AF098B80094E314 /* Preview Content */,
			);
			path = MemorizeSpring23;
			sourceTree = "<group>";
		};
		424503D82AF098B80094E314 /* Preview Content */ = {
			isa = PBXGroup;
			children = (
				424503D92AF098B80094E314 /* Preview Assets.xcassets */,
			);
			path = "Preview Content";
			sourceTree = "<group>";
		};
		4252DFEF2B00AD8300060524 /* Model */ = {
			isa = PBXGroup;
			children = (
				4252DFF02B00AD9000060524 /* Theme.swift */,
				4252DFF22B00AFD500060524 /* MemoryGame.swift */,
				4252DFFA2B00CEAE00060524 /* CardStyle.swift */,
			);
			path = Model;
			sourceTree = "<group>";
		};
		4252DFF42B00B35A00060524 /* Views */ = {
			isa = PBXGroup;
			children = (
				4252DFF52B00B36500060524 /* CardView.swift */,
			);
			path = Views;
			sourceTree = "<group>";
		};
		4252DFF72B00B49C00060524 /* ViewModel */ = {
			isa = PBXGroup;
			children = (
				4252DFF82B00B4B300060524 /* EmojiMemoryGame.swift */,
			);
			path = ViewModel;
			sourceTree = "<group>";
		};
/* End PBXGroup section */

/* Begin PBXNativeTarget section */
		424503CE2AF098B70094E314 /* MemorizeSpring23 */ = {
			isa = PBXNativeTarget;
			buildConfigurationList = 424503DD2AF098B80094E314 /* Build configuration list for PBXNativeTarget "MemorizeSpring23" */;
			buildPhases = (
				424503CB2AF098B70094E314 /* Sources */,
				424503CC2AF098B70094E314 /* Frameworks */,
				424503CD2AF098B70094E314 /* Resources */,
			);
			buildRules = (
			);
			dependencies = (
			);
			name = MemorizeSpring23;
			productName = MemorizeSpring23;
			productReference = 424503CF2AF098B70094E314 /* MemorizeSpring23.app */;
			productType = "com.apple.product-type.application";
		};
/* End PBXNativeTarget section */

/* Begin PBXProject section */
		424503C72AF098B70094E314 /* Project object */ = {
			isa = PBXProject;
			attributes = {
				BuildIndependentTargetsInParallel = 1;
				LastSwiftUpdateCheck = 1430;
				LastUpgradeCheck = 1430;
				TargetAttributes = {
					424503CE2AF098B70094E314 = {
						CreatedOnToolsVersion = 14.3.1;
					};
				};
			};
			buildConfigurationList = 424503CA2AF098B70094E314 /* Build configuration list for PBXProject "MemorizeSpring23" */;
			compatibilityVersion = "Xcode 14.0";
			developmentRegion = en;
			hasScannedForEncodings = 0;
			knownRegions = (
				en,
				Base,
			);
			mainGroup = 424503C62AF098B70094E314;
			productRefGroup = 424503D02AF098B70094E314 /* Products */;
			projectDirPath = "";
			projectRoot = "";
			targets = (
				424503CE2AF098B70094E314 /* MemorizeSpring23 */,
			);
		};
/* End PBXProject section */

/* Begin PBXResourcesBuildPhase section */
		424503CD2AF098B70094E314 /* Resources */ = {
			isa = PBXResourcesBuildPhase;
			buildActionMask = 2147483647;
			files = (
				424503DA2AF098B80094E314 /* Preview Assets.xcassets in Resources */,
				424503D72AF098B80094E314 /* Assets.xcassets in Resources */,
			);
			runOnlyForDeploymentPostprocessing = 0;
		};
/* End PBXResourcesBuildPhase section */

/* Begin PBXSourcesBuildPhase section */
		424503CB2AF098B70094E314 /* Sources */ = {
			isa = PBXSourcesBuildPhase;
			buildActionMask = 2147483647;
			files = (
				4252DFF12B00AD9000060524 /* Theme.swift in Sources */,
				4252DFFB2B00CEAE00060524 /* CardStyle.swift in Sources */,
				424503D52AF098B70094E314 /* EmojiMemoryGameView.swift in Sources */,
				4252DFF32B00AFD500060524 /* MemoryGame.swift in Sources */,
				424503D32AF098B70094E314 /* MemorizeSpring23App.swift in Sources */,
				4252DFF62B00B36500060524 /* CardView.swift in Sources */,
				4252DFF92B00B4B300060524 /* EmojiMemoryGame.swift in Sources */,
			);
			runOnlyForDeploymentPostprocessing = 0;
		};
/* End PBXSourcesBuildPhase section */

/* Begin XCBuildConfiguration section */
		424503DB2AF098B80094E314 /* Debug */ = {
			isa = XCBuildConfiguration;
			buildSettings = {
				ALWAYS_SEARCH_USER_PATHS = NO;
				CLANG_ANALYZER_NONNULL = YES;
				CLANG_ANALYZER_NUMBER_OBJECT_CONVERSION = YES_AGGRESSIVE;
				CLANG_CXX_LANGUAGE_STANDARD = "gnu++20";
				CLANG_ENABLE_MODULES = YES;
				CLANG_ENABLE_OBJC_ARC = YES;
				CLANG_ENABLE_OBJC_WEAK = YES;
				CLANG_WARN_BLOCK_CAPTURE_AUTORELEASING = YES;
				CLANG_WARN_BOOL_CONVERSION = YES;
				CLANG_WARN_COMMA = YES;
				CLANG_WARN_CONSTANT_CONVERSION = YES;
				CLANG_WARN_DEPRECATED_OBJC_IMPLEMENTATIONS = YES;
				CLANG_WARN_DIRECT_OBJC_ISA_USAGE = YES_ERROR;
				CLANG_WARN_DOCUMENTATION_COMMENTS = YES;
				CLANG_WARN_EMPTY_BODY = YES;
				CLANG_WARN_ENUM_CONVERSION = YES;
				CLANG_WARN_INFINITE_RECURSION = YES;
				CLANG_WARN_INT_CONVERSION = YES;
				CLANG_WARN_NON_LITERAL_NULL_CONVERSION = YES;
				CLANG_WARN_OBJC_IMPLICIT_RETAIN_SELF = YES;
				CLANG_WARN_OBJC_LITERAL_CONVERSION = YES;
				CLANG_WARN_OBJC_ROOT_CLASS = YES_ERROR;
				CLANG_WARN_QUOTED_INCLUDE_IN_FRAMEWORK_HEADER = YES;
				CLANG_WARN_RANGE_LOOP_ANALYSIS = YES;
				CLANG_WARN_STRICT_PROTOTYPES = YES;
				CLANG_WARN_SUSPICIOUS_MOVE = YES;
				CLANG_WARN_UNGUARDED_AVAILABILITY = YES_AGGRESSIVE;
				CLANG_WARN_UNREACHABLE_CODE = YES;
				CLANG_WARN__DUPLICATE_METHOD_MATCH = YES;
				COPY_PHASE_STRIP = NO;
				DEBUG_INFORMATION_FORMAT = dwarf;
				ENABLE_STRICT_OBJC_MSGSEND = YES;
				ENABLE_TESTABILITY = YES;
				GCC_C_LANGUAGE_STANDARD = gnu11;
				GCC_DYNAMIC_NO_PIC = NO;
				GCC_NO_COMMON_BLOCKS = YES;
				GCC_OPTIMIZATION_LEVEL = 0;
				GCC_PREPROCESSOR_DEFINITIONS = (
					"DEBUG=1",
					"$(inherited)",
				);
				GCC_WARN_64_TO_32_BIT_CONVERSION = YES;
				GCC_WARN_ABOUT_RETURN_TYPE = YES_ERROR;
				GCC_WARN_UNDECLARED_SELECTOR = YES;
				GCC_WARN_UNINITIALIZED_AUTOS = YES_AGGRESSIVE;
				GCC_WARN_UNUSED_FUNCTION = YES;
				GCC_WARN_UNUSED_VARIABLE = YES;
				IPHONEOS_DEPLOYMENT_TARGET = 16.4;
				MTL_ENABLE_DEBUG_INFO = INCLUDE_SOURCE;
				MTL_FAST_MATH = YES;
				ONLY_ACTIVE_ARCH = YES;
				SDKROOT = iphoneos;
				SWIFT_ACTIVE_COMPILATION_CONDITIONS = DEBUG;
				SWIFT_OPTIMIZATION_LEVEL = "-Onone";
			};
			name = Debug;
		};
		424503DC2AF098B80094E314 /* Release */ = {
			isa = XCBuildConfiguration;
			buildSettings = {
				ALWAYS_SEARCH_USER_PATHS = NO;
				CLANG_ANALYZER_NONNULL = YES;
				CLANG_ANALYZER_NUMBER_OBJECT_CONVERSION = YES_AGGRESSIVE;
				CLANG_CXX_LANGUAGE_STANDARD = "gnu++20";
				CLANG_ENABLE_MODULES = YES;
				CLANG_ENABLE_OBJC_ARC = YES;
				CLANG_ENABLE_OBJC_WEAK = YES;
				CLANG_WARN_BLOCK_CAPTURE_AUTORELEASING = YES;
				CLANG_WARN_BOOL_CONVERSION = YES;
				CLANG_WARN_COMMA = YES;
				CLANG_WARN_CONSTANT_CONVERSION = YES;
				CLANG_WARN_DEPRECATED_OBJC_IMPLEMENTATIONS = YES;
				CLANG_WARN_DIRECT_OBJC_ISA_USAGE = YES_ERROR;
				CLANG_WARN_DOCUMENTATION_COMMENTS = YES;
				CLANG_WARN_EMPTY_BODY = YES;
				CLANG_WARN_ENUM_CONVERSION = YES;
				CLANG_WARN_INFINITE_RECURSION = YES;
				CLANG_WARN_INT_CONVERSION = YES;
				CLANG_WARN_NON_LITERAL_NULL_CONVERSION = YES;
				CLANG_WARN_OBJC_IMPLICIT_RETAIN_SELF = YES;
				CLANG_WARN_OBJC_LITERAL_CONVERSION = YES;
				CLANG_WARN_OBJC_ROOT_CLASS = YES_ERROR;
				CLANG_WARN_QUOTED_INCLUDE_IN_FRAMEWORK_HEADER = YES;
				CLANG_WARN_RANGE_LOOP_ANALYSIS = YES;
				CLANG_WARN_STRICT_PROTOTYPES = YES;
				CLANG_WARN_SUSPICIOUS_MOVE = YES;
				CLANG_WARN_UNGUARDED_AVAILABILITY = YES_AGGRESSIVE;
				CLANG_WARN_UNREACHABLE_CODE = YES;
				CLANG_WARN__DUPLICATE_METHOD_MATCH = YES;
				COPY_PHASE_STRIP = NO;
				DEBUG_INFORMATION_FORMAT = "dwarf-with-dsym";
				ENABLE_NS_ASSERTIONS = NO;
				ENABLE_STRICT_OBJC_MSGSEND = YES;
				GCC_C_LANGUAGE_STANDARD = gnu11;
				GCC_NO_COMMON_BLOCKS = YES;
				GCC_WARN_64_TO_32_BIT_CONVERSION = YES;
				GCC_WARN_ABOUT_RETURN_TYPE = YES_ERROR;
				GCC_WARN_UNDECLARED_SELECTOR = YES;
				GCC_WARN_UNINITIALIZED_AUTOS = YES_AGGRESSIVE;
				GCC_WARN_UNUSED_FUNCTION = YES;
				GCC_WARN_UNUSED_VARIABLE = YES;
				IPHONEOS_DEPLOYMENT_TARGET = 16.4;
				MTL_ENABLE_DEBUG_INFO = NO;
				MTL_FAST_MATH = YES;
				SDKROOT = iphoneos;
				SWIFT_COMPILATION_MODE = wholemodule;
				SWIFT_OPTIMIZATION_LEVEL = "-O";
				VALIDATE_PRODUCT = YES;
			};
			name = Release;
		};
		424503DE2AF098B80094E314 /* Debug */ = {
			isa = XCBuildConfiguration;
			buildSettings = {
				ASSETCATALOG_COMPILER_APPICON_NAME = AppIcon;
				ASSETCATALOG_COMPILER_GLOBAL_ACCENT_COLOR_NAME = AccentColor;
				CODE_SIGN_STYLE = Automatic;
				CURRENT_PROJECT_VERSION = 1;
				DEVELOPMENT_ASSET_PATHS = "\"MemorizeSpring23/Preview Content\"";
				DEVELOPMENT_TEAM = JK6A64P53M;
				ENABLE_PREVIEWS = YES;
				GENERATE_INFOPLIST_FILE = YES;
				INFOPLIST_KEY_UIApplicationSceneManifest_Generation = YES;
				INFOPLIST_KEY_UIApplicationSupportsIndirectInputEvents = YES;
				INFOPLIST_KEY_UILaunchScreen_Generation = YES;
				INFOPLIST_KEY_UISupportedInterfaceOrientations_iPad = "UIInterfaceOrientationPortrait UIInterfaceOrientationPortraitUpsideDown UIInterfaceOrientationLandscapeLeft UIInterfaceOrientationLandscapeRight";
				INFOPLIST_KEY_UISupportedInterfaceOrientations_iPhone = "UIInterfaceOrientationPortrait UIInterfaceOrientationLandscapeLeft UIInterfaceOrientationLandscapeRight";
				LD_RUNPATH_SEARCH_PATHS = (
					"$(inherited)",
					"@executable_path/Frameworks",
				);
				MARKETING_VERSION = 1.0;
				PRODUCT_BUNDLE_IDENTIFIER = com.filippopellolio.MemorizeSpring23;
				PRODUCT_NAME = "$(TARGET_NAME)";
				SWIFT_EMIT_LOC_STRINGS = YES;
				SWIFT_VERSION = 5.0;
				TARGETED_DEVICE_FAMILY = "1,2";
			};
			name = Debug;
		};
		424503DF2AF098B80094E314 /* Release */ = {
			isa = XCBuildConfiguration;
			buildSettings = {
				ASSETCATALOG_COMPILER_APPICON_NAME = AppIcon;
				ASSETCATALOG_COMPILER_GLOBAL_ACCENT_COLOR_NAME = AccentColor;
				CODE_SIGN_STYLE = Automatic;
				CURRENT_PROJECT_VERSION = 1;
				DEVELOPMENT_ASSET_PATHS = "\"MemorizeSpring23/Preview Content\"";
				DEVELOPMENT_TEAM = JK6A64P53M;
				ENABLE_PREVIEWS = YES;
				GENERATE_INFOPLIST_FILE = YES;
				INFOPLIST_KEY_UIApplicationSceneManifest_Generation = YES;
				INFOPLIST_KEY_UIApplicationSupportsIndirectInputEvents = YES;
				INFOPLIST_KEY_UILaunchScreen_Generation = YES;
				INFOPLIST_KEY_UISupportedInterfaceOrientations_iPad = "UIInterfaceOrientationPortrait UIInterfaceOrientationPortraitUpsideDown UIInterfaceOrientationLandscapeLeft UIInterfaceOrientationLandscapeRight";
				INFOPLIST_KEY_UISupportedInterfaceOrientations_iPhone = "UIInterfaceOrientationPortrait UIInterfaceOrientationLandscapeLeft UIInterfaceOrientationLandscapeRight";
				LD_RUNPATH_SEARCH_PATHS = (
					"$(inherited)",
					"@executable_path/Frameworks",
				);
				MARKETING_VERSION = 1.0;
				PRODUCT_BUNDLE_IDENTIFIER = com.filippopellolio.MemorizeSpring23;
				PRODUCT_NAME = "$(TARGET_NAME)";
				SWIFT_EMIT_LOC_STRINGS = YES;
				SWIFT_VERSION = 5.0;
				TARGETED_DEVICE_FAMILY = "1,2";
			};
			name = Release;
		};
/* End XCBuildConfiguration section */

/* Begin XCConfigurationList section */
		424503CA2AF098B70094E314 /* Build configuration list for PBXProject "MemorizeSpring23" */ = {
			isa = XCConfigurationList;
			buildConfigurations = (
				424503DB2AF098B80094E314 /* Debug */,
				424503DC2AF098B80094E314 /* Release */,
			);
			defaultConfigurationIsVisible = 0;
			defaultConfigurationName = Release;
		};
		424503DD2AF098B80094E314 /* Build configuration list for PBXNativeTarget "MemorizeSpring23" */ = {
			isa = XCConfigurationList;
			buildConfigurations = (
				424503DE2AF098B80094E314 /* Debug */,
				424503DF2AF098B80094E314 /* Release */,
			);
			defaultConfigurationIsVisible = 0;
			defaultConfigurationName = Release;
		};
/* End XCConfigurationList section */
	};
	rootObject = 424503C72AF098B70094E314 /* Project object */;
}
